// !$*UTF8*$!
{
	archiveVersion = 1;
	classes = {
	};
	objectVersion = 55;
	objects = {

/* Begin PBXBuildFile section */
		119109A92827D56C00D84F44 /* AppDelegate.swift in Sources */ = {isa = PBXBuildFile; fileRef = 119109A82827D56C00D84F44 /* AppDelegate.swift */; };
		119109AB2827D56C00D84F44 /* SceneDelegate.swift in Sources */ = {isa = PBXBuildFile; fileRef = 119109AA2827D56C00D84F44 /* SceneDelegate.swift */; };
		119109AD2827D56C00D84F44 /* MainViewController.swift in Sources */ = {isa = PBXBuildFile; fileRef = 119109AC2827D56C00D84F44 /* MainViewController.swift */; };
		119109B02827D56C00D84F44 /* Main.storyboard in Resources */ = {isa = PBXBuildFile; fileRef = 119109AE2827D56C00D84F44 /* Main.storyboard */; };
		119109B22827D56F00D84F44 /* Assets.xcassets in Resources */ = {isa = PBXBuildFile; fileRef = 119109B12827D56F00D84F44 /* Assets.xcassets */; };
		119109B52827D56F00D84F44 /* LaunchScreen.storyboard in Resources */ = {isa = PBXBuildFile; fileRef = 119109B32827D56F00D84F44 /* LaunchScreen.storyboard */; };
		119109C428281A2100D84F44 /* UIView + Constraints.swift in Sources */ = {isa = PBXBuildFile; fileRef = 119109C328281A2100D84F44 /* UIView + Constraints.swift */; };
		11D56E9428293C32007B4281 /* URL+Extension.swift in Sources */ = {isa = PBXBuildFile; fileRef = 11D56E9328293C32007B4281 /* URL+Extension.swift */; };
		11D56E96282944D6007B4281 /* UIImageView+Extension.swift in Sources */ = {isa = PBXBuildFile; fileRef = 11D56E95282944D6007B4281 /* UIImageView+Extension.swift */; };
		11D56E982829908F007B4281 /* MovieInfoViewController.swift in Sources */ = {isa = PBXBuildFile; fileRef = 11D56E972829908F007B4281 /* MovieInfoViewController.swift */; };
		11F6C50328292B970026BDAF /* PopularMovieCollectionViewCell.swift in Sources */ = {isa = PBXBuildFile; fileRef = 11F6C50228292B970026BDAF /* PopularMovieCollectionViewCell.swift */; };
		11F6C506282930600026BDAF /* Movie.swift in Sources */ = {isa = PBXBuildFile; fileRef = 11F6C505282930600026BDAF /* Movie.swift */; };
		11F6C508282932B30026BDAF /* String+Extension.swift in Sources */ = {isa = PBXBuildFile; fileRef = 11F6C507282932B30026BDAF /* String+Extension.swift */; };
		11F6C50A282933100026BDAF /* NetworkService.swift in Sources */ = {isa = PBXBuildFile; fileRef = 11F6C509282933100026BDAF /* NetworkService.swift */; };
		11F6C50C2829334D0026BDAF /* NetworkError.swift in Sources */ = {isa = PBXBuildFile; fileRef = 11F6C50B2829334D0026BDAF /* NetworkError.swift */; };
/* End PBXBuildFile section */

/* Begin PBXFileReference section */
		119109A52827D56C00D84F44 /* testApp.app */ = {isa = PBXFileReference; explicitFileType = wrapper.application; includeInIndex = 0; path = testApp.app; sourceTree = BUILT_PRODUCTS_DIR; };
		119109A82827D56C00D84F44 /* AppDelegate.swift */ = {isa = PBXFileReference; lastKnownFileType = sourcecode.swift; path = AppDelegate.swift; sourceTree = "<group>"; };
		119109AA2827D56C00D84F44 /* SceneDelegate.swift */ = {isa = PBXFileReference; lastKnownFileType = sourcecode.swift; path = SceneDelegate.swift; sourceTree = "<group>"; };
		119109AC2827D56C00D84F44 /* MainViewController.swift */ = {isa = PBXFileReference; lastKnownFileType = sourcecode.swift; path = MainViewController.swift; sourceTree = "<group>"; };
		119109AF2827D56C00D84F44 /* Base */ = {isa = PBXFileReference; lastKnownFileType = file.storyboard; name = Base; path = Base.lproj/Main.storyboard; sourceTree = "<group>"; };
		119109B12827D56F00D84F44 /* Assets.xcassets */ = {isa = PBXFileReference; lastKnownFileType = folder.assetcatalog; path = Assets.xcassets; sourceTree = "<group>"; };
		119109B42827D56F00D84F44 /* Base */ = {isa = PBXFileReference; lastKnownFileType = file.storyboard; name = Base; path = Base.lproj/LaunchScreen.storyboard; sourceTree = "<group>"; };
		119109B62827D56F00D84F44 /* Info.plist */ = {isa = PBXFileReference; lastKnownFileType = text.plist.xml; path = Info.plist; sourceTree = "<group>"; };
		119109C328281A2100D84F44 /* UIView + Constraints.swift */ = {isa = PBXFileReference; lastKnownFileType = sourcecode.swift; path = "UIView + Constraints.swift"; sourceTree = "<group>"; };
		11D56E9328293C32007B4281 /* URL+Extension.swift */ = {isa = PBXFileReference; lastKnownFileType = sourcecode.swift; path = "URL+Extension.swift"; sourceTree = "<group>"; };
		11D56E95282944D6007B4281 /* UIImageView+Extension.swift */ = {isa = PBXFileReference; lastKnownFileType = sourcecode.swift; path = "UIImageView+Extension.swift"; sourceTree = "<group>"; };
		11D56E972829908F007B4281 /* MovieInfoViewController.swift */ = {isa = PBXFileReference; lastKnownFileType = sourcecode.swift; path = MovieInfoViewController.swift; sourceTree = "<group>"; };
		11F6C50228292B970026BDAF /* PopularMovieCollectionViewCell.swift */ = {isa = PBXFileReference; lastKnownFileType = sourcecode.swift; path = PopularMovieCollectionViewCell.swift; sourceTree = "<group>"; };
		11F6C505282930600026BDAF /* Movie.swift */ = {isa = PBXFileReference; lastKnownFileType = sourcecode.swift; path = Movie.swift; sourceTree = "<group>"; };
		11F6C507282932B30026BDAF /* String+Extension.swift */ = {isa = PBXFileReference; lastKnownFileType = sourcecode.swift; path = "String+Extension.swift"; sourceTree = "<group>"; };
		11F6C509282933100026BDAF /* NetworkService.swift */ = {isa = PBXFileReference; lastKnownFileType = sourcecode.swift; path = NetworkService.swift; sourceTree = "<group>"; };
		11F6C50B2829334D0026BDAF /* NetworkError.swift */ = {isa = PBXFileReference; lastKnownFileType = sourcecode.swift; path = NetworkError.swift; sourceTree = "<group>"; };
/* End PBXFileReference section */

/* Begin PBXFrameworksBuildPhase section */
		119109A22827D56C00D84F44 /* Frameworks */ = {
			isa = PBXFrameworksBuildPhase;
			buildActionMask = 2147483647;
			files = (
			);
			runOnlyForDeploymentPostprocessing = 0;
		};
/* End PBXFrameworksBuildPhase section */

/* Begin PBXGroup section */
		1191099C2827D56C00D84F44 = {
			isa = PBXGroup;
			children = (
				119109A72827D56C00D84F44 /* testApp */,
				119109A62827D56C00D84F44 /* Products */,
			);
			sourceTree = "<group>";
		};
		119109A62827D56C00D84F44 /* Products */ = {
			isa = PBXGroup;
			children = (
				119109A52827D56C00D84F44 /* testApp.app */,
			);
			name = Products;
			sourceTree = "<group>";
		};
		119109A72827D56C00D84F44 /* testApp */ = {
			isa = PBXGroup;
			children = (
				119109BD282818F700D84F44 /* Resources */,
				119109BC282818DF00D84F44 /* Application */,
				119109C2282819BB00D84F44 /* Extensions */,
				119109BE2828193F00D84F44 /* Network */,
				119109C1282819AE00D84F44 /* Cells */,
				119109C02828197B00D84F44 /* Screens */,
			);
			path = testApp;
			sourceTree = "<group>";
		};
		119109BC282818DF00D84F44 /* Application */ = {
			isa = PBXGroup;
			children = (
				119109A82827D56C00D84F44 /* AppDelegate.swift */,
				119109AA2827D56C00D84F44 /* SceneDelegate.swift */,
			);
			path = Application;
			sourceTree = "<group>";
		};
		119109BD282818F700D84F44 /* Resources */ = {
			isa = PBXGroup;
			children = (
				119109AE2827D56C00D84F44 /* Main.storyboard */,
				119109B12827D56F00D84F44 /* Assets.xcassets */,
				119109B32827D56F00D84F44 /* LaunchScreen.storyboard */,
				119109B62827D56F00D84F44 /* Info.plist */,
			);
			path = Resources;
			sourceTree = "<group>";
		};
		119109BE2828193F00D84F44 /* Network */ = {
			isa = PBXGroup;
			children = (
				119109BF2828194700D84F44 /* Models */,
				11F6C509282933100026BDAF /* NetworkService.swift */,
				11F6C50B2829334D0026BDAF /* NetworkError.swift */,
			);
			path = Network;
			sourceTree = "<group>";
		};
		119109BF2828194700D84F44 /* Models */ = {
			isa = PBXGroup;
			children = (
				11F6C505282930600026BDAF /* Movie.swift */,
			);
			path = Models;
			sourceTree = "<group>";
		};
		119109C02828197B00D84F44 /* Screens */ = {
			isa = PBXGroup;
			children = (
				119109AC2827D56C00D84F44 /* MainViewController.swift */,
				11D56E972829908F007B4281 /* MovieInfoViewController.swift */,
			);
			path = Screens;
			sourceTree = "<group>";
		};
		119109C1282819AE00D84F44 /* Cells */ = {
			isa = PBXGroup;
			children = (
				11F6C50228292B970026BDAF /* PopularMovieCollectionViewCell.swift */,
			);
			path = Cells;
			sourceTree = "<group>";
		};
		119109C2282819BB00D84F44 /* Extensions */ = {
			isa = PBXGroup;
			children = (
				119109C328281A2100D84F44 /* UIView + Constraints.swift */,
				11F6C507282932B30026BDAF /* String+Extension.swift */,
				11D56E9328293C32007B4281 /* URL+Extension.swift */,
				11D56E95282944D6007B4281 /* UIImageView+Extension.swift */,
			);
			path = Extensions;
			sourceTree = "<group>";
		};
/* End PBXGroup section */

/* Begin PBXNativeTarget section */
		119109A42827D56C00D84F44 /* testApp */ = {
			isa = PBXNativeTarget;
			buildConfigurationList = 119109B92827D56F00D84F44 /* Build configuration list for PBXNativeTarget "testApp" */;
			buildPhases = (
				119109A12827D56C00D84F44 /* Sources */,
				119109A22827D56C00D84F44 /* Frameworks */,
				119109A32827D56C00D84F44 /* Resources */,
			);
			buildRules = (
			);
			dependencies = (
			);
			name = testApp;
			productName = testApp;
			productReference = 119109A52827D56C00D84F44 /* testApp.app */;
			productType = "com.apple.product-type.application";
		};
/* End PBXNativeTarget section */

/* Begin PBXProject section */
		1191099D2827D56C00D84F44 /* Project object */ = {
			isa = PBXProject;
			attributes = {
				BuildIndependentTargetsInParallel = 1;
				LastSwiftUpdateCheck = 1330;
				LastUpgradeCheck = 1330;
				TargetAttributes = {
					119109A42827D56C00D84F44 = {
						CreatedOnToolsVersion = 13.3.1;
					};
				};
			};
			buildConfigurationList = 119109A02827D56C00D84F44 /* Build configuration list for PBXProject "testApp" */;
			compatibilityVersion = "Xcode 13.0";
			developmentRegion = en;
			hasScannedForEncodings = 0;
			knownRegions = (
				en,
				Base,
			);
			mainGroup = 1191099C2827D56C00D84F44;
			productRefGroup = 119109A62827D56C00D84F44 /* Products */;
			projectDirPath = "";
			projectRoot = "";
			targets = (
				119109A42827D56C00D84F44 /* testApp */,
			);
		};
/* End PBXProject section */

/* Begin PBXResourcesBuildPhase section */
		119109A32827D56C00D84F44 /* Resources */ = {
			isa = PBXResourcesBuildPhase;
			buildActionMask = 2147483647;
			files = (
				119109B52827D56F00D84F44 /* LaunchScreen.storyboard in Resources */,
				119109B22827D56F00D84F44 /* Assets.xcassets in Resources */,
				119109B02827D56C00D84F44 /* Main.storyboard in Resources */,
			);
			runOnlyForDeploymentPostprocessing = 0;
		};
/* End PBXResourcesBuildPhase section */

/* Begin PBXSourcesBuildPhase section */
		119109A12827D56C00D84F44 /* Sources */ = {
			isa = PBXSourcesBuildPhase;
			buildActionMask = 2147483647;
			files = (
				119109AD2827D56C00D84F44 /* MainViewController.swift in Sources */,
				11F6C508282932B30026BDAF /* String+Extension.swift in Sources */,
				11F6C50A282933100026BDAF /* NetworkService.swift in Sources */,
				11D56E9428293C32007B4281 /* URL+Extension.swift in Sources */,
				119109C428281A2100D84F44 /* UIView + Constraints.swift in Sources */,
				11F6C506282930600026BDAF /* Movie.swift in Sources */,
				11F6C50328292B970026BDAF /* PopularMovieCollectionViewCell.swift in Sources */,
				11D56E96282944D6007B4281 /* UIImageView+Extension.swift in Sources */,
				11F6C50C2829334D0026BDAF /* NetworkError.swift in Sources */,
				119109A92827D56C00D84F44 /* AppDelegate.swift in Sources */,
				119109AB2827D56C00D84F44 /* SceneDelegate.swift in Sources */,
				11D56E982829908F007B4281 /* MovieInfoViewController.swift in Sources */,
			);
			runOnlyForDeploymentPostprocessing = 0;
		};
/* End PBXSourcesBuildPhase section */

/* Begin PBXVariantGroup section */
		119109AE2827D56C00D84F44 /* Main.storyboard */ = {
			isa = PBXVariantGroup;
			children = (
				119109AF2827D56C00D84F44 /* Base */,
			);
			name = Main.storyboard;
			sourceTree = "<group>";
		};
		119109B32827D56F00D84F44 /* LaunchScreen.storyboard */ = {
			isa = PBXVariantGroup;
			children = (
				119109B42827D56F00D84F44 /* Base */,
			);
			name = LaunchScreen.storyboard;
			sourceTree = "<group>";
		};
/* End PBXVariantGroup section */

/* Begin XCBuildConfiguration section */
		119109B72827D56F00D84F44 /* Debug */ = {
			isa = XCBuildConfiguration;
			buildSettings = {
				ALWAYS_SEARCH_USER_PATHS = NO;
				CLANG_ANALYZER_NONNULL = YES;
				CLANG_ANALYZER_NUMBER_OBJECT_CONVERSION = YES_AGGRESSIVE;
				CLANG_CXX_LANGUAGE_STANDARD = "gnu++17";
				CLANG_ENABLE_MODULES = YES;
				CLANG_ENABLE_OBJC_ARC = YES;
				CLANG_ENABLE_OBJC_WEAK = YES;
				CLANG_WARN_BLOCK_CAPTURE_AUTORELEASING = YES;
				CLANG_WARN_BOOL_CONVERSION = YES;
				CLANG_WARN_COMMA = YES;
				CLANG_WARN_CONSTANT_CONVERSION = YES;
				CLANG_WARN_DEPRECATED_OBJC_IMPLEMENTATIONS = YES;
				CLANG_WARN_DIRECT_OBJC_ISA_USAGE = YES_ERROR;
				CLANG_WARN_DOCUMENTATION_COMMENTS = YES;
				CLANG_WARN_EMPTY_BODY = YES;
				CLANG_WARN_ENUM_CONVERSION = YES;
				CLANG_WARN_INFINITE_RECURSION = YES;
				CLANG_WARN_INT_CONVERSION = YES;
				CLANG_WARN_NON_LITERAL_NULL_CONVERSION = YES;
				CLANG_WARN_OBJC_IMPLICIT_RETAIN_SELF = YES;
				CLANG_WARN_OBJC_LITERAL_CONVERSION = YES;
				CLANG_WARN_OBJC_ROOT_CLASS = YES_ERROR;
				CLANG_WARN_QUOTED_INCLUDE_IN_FRAMEWORK_HEADER = YES;
				CLANG_WARN_RANGE_LOOP_ANALYSIS = YES;
				CLANG_WARN_STRICT_PROTOTYPES = YES;
				CLANG_WARN_SUSPICIOUS_MOVE = YES;
				CLANG_WARN_UNGUARDED_AVAILABILITY = YES_AGGRESSIVE;
				CLANG_WARN_UNREACHABLE_CODE = YES;
				CLANG_WARN__DUPLICATE_METHOD_MATCH = YES;
				COPY_PHASE_STRIP = NO;
				DEBUG_INFORMATION_FORMAT = dwarf;
				ENABLE_STRICT_OBJC_MSGSEND = YES;
				ENABLE_TESTABILITY = YES;
				GCC_C_LANGUAGE_STANDARD = gnu11;
				GCC_DYNAMIC_NO_PIC = NO;
				GCC_NO_COMMON_BLOCKS = YES;
				GCC_OPTIMIZATION_LEVEL = 0;
				GCC_PREPROCESSOR_DEFINITIONS = (
					"DEBUG=1",
					"$(inherited)",
				);
				GCC_WARN_64_TO_32_BIT_CONVERSION = YES;
				GCC_WARN_ABOUT_RETURN_TYPE = YES_ERROR;
				GCC_WARN_UNDECLARED_SELECTOR = YES;
				GCC_WARN_UNINITIALIZED_AUTOS = YES_AGGRESSIVE;
				GCC_WARN_UNUSED_FUNCTION = YES;
				GCC_WARN_UNUSED_VARIABLE = YES;
				IPHONEOS_DEPLOYMENT_TARGET = 15.4;
				MTL_ENABLE_DEBUG_INFO = INCLUDE_SOURCE;
				MTL_FAST_MATH = YES;
				ONLY_ACTIVE_ARCH = YES;
				SDKROOT = iphoneos;
				SWIFT_ACTIVE_COMPILATION_CONDITIONS = DEBUG;
				SWIFT_OPTIMIZATION_LEVEL = "-Onone";
			};
			name = Debug;
		};
		119109B82827D56F00D84F44 /* Release */ = {
			isa = XCBuildConfiguration;
			buildSettings = {
				ALWAYS_SEARCH_USER_PATHS = NO;
				CLANG_ANALYZER_NONNULL = YES;
				CLANG_ANALYZER_NUMBER_OBJECT_CONVERSION = YES_AGGRESSIVE;
				CLANG_CXX_LANGUAGE_STANDARD = "gnu++17";
				CLANG_ENABLE_MODULES = YES;
				CLANG_ENABLE_OBJC_ARC = YES;
				CLANG_ENABLE_OBJC_WEAK = YES;
				CLANG_WARN_BLOCK_CAPTURE_AUTORELEASING = YES;
				CLANG_WARN_BOOL_CONVERSION = YES;
				CLANG_WARN_COMMA = YES;
				CLANG_WARN_CONSTANT_CONVERSION = YES;
				CLANG_WARN_DEPRECATED_OBJC_IMPLEMENTATIONS = YES;
				CLANG_WARN_DIRECT_OBJC_ISA_USAGE = YES_ERROR;
				CLANG_WARN_DOCUMENTATION_COMMENTS = YES;
				CLANG_WARN_EMPTY_BODY = YES;
				CLANG_WARN_ENUM_CONVERSION = YES;
				CLANG_WARN_INFINITE_RECURSION = YES;
				CLANG_WARN_INT_CONVERSION = YES;
				CLANG_WARN_NON_LITERAL_NULL_CONVERSION = YES;
				CLANG_WARN_OBJC_IMPLICIT_RETAIN_SELF = YES;
				CLANG_WARN_OBJC_LITERAL_CONVERSION = YES;
				CLANG_WARN_OBJC_ROOT_CLASS = YES_ERROR;
				CLANG_WARN_QUOTED_INCLUDE_IN_FRAMEWORK_HEADER = YES;
				CLANG_WARN_RANGE_LOOP_ANALYSIS = YES;
				CLANG_WARN_STRICT_PROTOTYPES = YES;
				CLANG_WARN_SUSPICIOUS_MOVE = YES;
				CLANG_WARN_UNGUARDED_AVAILABILITY = YES_AGGRESSIVE;
				CLANG_WARN_UNREACHABLE_CODE = YES;
				CLANG_WARN__DUPLICATE_METHOD_MATCH = YES;
				COPY_PHASE_STRIP = NO;
				DEBUG_INFORMATION_FORMAT = "dwarf-with-dsym";
				ENABLE_NS_ASSERTIONS = NO;
				ENABLE_STRICT_OBJC_MSGSEND = YES;
				GCC_C_LANGUAGE_STANDARD = gnu11;
				GCC_NO_COMMON_BLOCKS = YES;
				GCC_WARN_64_TO_32_BIT_CONVERSION = YES;
				GCC_WARN_ABOUT_RETURN_TYPE = YES_ERROR;
				GCC_WARN_UNDECLARED_SELECTOR = YES;
				GCC_WARN_UNINITIALIZED_AUTOS = YES_AGGRESSIVE;
				GCC_WARN_UNUSED_FUNCTION = YES;
				GCC_WARN_UNUSED_VARIABLE = YES;
				IPHONEOS_DEPLOYMENT_TARGET = 15.4;
				MTL_ENABLE_DEBUG_INFO = NO;
				MTL_FAST_MATH = YES;
				SDKROOT = iphoneos;
				SWIFT_COMPILATION_MODE = wholemodule;
				SWIFT_OPTIMIZATION_LEVEL = "-O";
				VALIDATE_PRODUCT = YES;
			};
			name = Release;
		};
		119109BA2827D56F00D84F44 /* Debug */ = {
			isa = XCBuildConfiguration;
			buildSettings = {
				ASSETCATALOG_COMPILER_APPICON_NAME = AppIcon;
				ASSETCATALOG_COMPILER_GLOBAL_ACCENT_COLOR_NAME = AccentColor;
				CODE_SIGN_STYLE = Automatic;
				CURRENT_PROJECT_VERSION = 1;
				GENERATE_INFOPLIST_FILE = YES;
				INFOPLIST_FILE = testApp/Resources/Info.plist;
				INFOPLIST_KEY_UIApplicationSupportsIndirectInputEvents = YES;
				INFOPLIST_KEY_UILaunchStoryboardName = LaunchScreen;
				INFOPLIST_KEY_UIMainStoryboardFile = Main;
				INFOPLIST_KEY_UISupportedInterfaceOrientations_iPad = "UIInterfaceOrientationPortrait UIInterfaceOrientationPortraitUpsideDown UIInterfaceOrientationLandscapeLeft UIInterfaceOrientationLandscapeRight";
				INFOPLIST_KEY_UISupportedInterfaceOrientations_iPhone = "UIInterfaceOrientationPortrait UIInterfaceOrientationLandscapeLeft UIInterfaceOrientationLandscapeRight";
				LD_RUNPATH_SEARCH_PATHS = (
					"$(inherited)",
					"@executable_path/Frameworks",
				);
				MARKETING_VERSION = 1.0;
				PRODUCT_BUNDLE_IDENTIFIER = nikolichN.testApp;
				PRODUCT_NAME = "$(TARGET_NAME)";
				SWIFT_EMIT_LOC_STRINGS = YES;
				SWIFT_VERSION = 5.0;
				TARGETED_DEVICE_FAMILY = "1,2";
			};
			name = Debug;
		};
		119109BB2827D56F00D84F44 /* Release */ = {
			isa = XCBuildConfiguration;
			buildSettings = {
				ASSETCATALOG_COMPILER_APPICON_NAME = AppIcon;
				ASSETCATALOG_COMPILER_GLOBAL_ACCENT_COLOR_NAME = AccentColor;
				CODE_SIGN_STYLE = Automatic;
				CURRENT_PROJECT_VERSION = 1;
				GENERATE_INFOPLIST_FILE = YES;
				INFOPLIST_FILE = testApp/Resources/Info.plist;
				INFOPLIST_KEY_UIApplicationSupportsIndirectInputEvents = YES;
				INFOPLIST_KEY_UILaunchStoryboardName = LaunchScreen;
				INFOPLIST_KEY_UIMainStoryboardFile = Main;
				INFOPLIST_KEY_UISupportedInterfaceOrientations_iPad = "UIInterfaceOrientationPortrait UIInterfaceOrientationPortraitUpsideDown UIInterfaceOrientationLandscapeLeft UIInterfaceOrientationLandscapeRight";
				INFOPLIST_KEY_UISupportedInterfaceOrientations_iPhone = "UIInterfaceOrientationPortrait UIInterfaceOrientationLandscapeLeft UIInterfaceOrientationLandscapeRight";
				LD_RUNPATH_SEARCH_PATHS = (
					"$(inherited)",
					"@executable_path/Frameworks",
				);
				MARKETING_VERSION = 1.0;
				PRODUCT_BUNDLE_IDENTIFIER = nikolichN.testApp;
				PRODUCT_NAME = "$(TARGET_NAME)";
				SWIFT_EMIT_LOC_STRINGS = YES;
				SWIFT_VERSION = 5.0;
				TARGETED_DEVICE_FAMILY = "1,2";
			};
			name = Release;
		};
/* End XCBuildConfiguration section */

/* Begin XCConfigurationList section */
		119109A02827D56C00D84F44 /* Build configuration list for PBXProject "testApp" */ = {
			isa = XCConfigurationList;
			buildConfigurations = (
				119109B72827D56F00D84F44 /* Debug */,
				119109B82827D56F00D84F44 /* Release */,
			);
			defaultConfigurationIsVisible = 0;
			defaultConfigurationName = Release;
		};
		119109B92827D56F00D84F44 /* Build configuration list for PBXNativeTarget "testApp" */ = {
			isa = XCConfigurationList;
			buildConfigurations = (
				119109BA2827D56F00D84F44 /* Debug */,
				119109BB2827D56F00D84F44 /* Release */,
			);
			defaultConfigurationIsVisible = 0;
			defaultConfigurationName = Release;
		};
/* End XCConfigurationList section */
	};
	rootObject = 1191099D2827D56C00D84F44 /* Project object */;
}
